// !$*UTF8*$!
{
	archiveVersion = 1;
	classes = {
	};
	objectVersion = 45;
	objects = {

/* Begin PBXBuildFile section */
		1D973ECE0F3BE83900437B6D /* AddressBook.framework in Frameworks */ = {isa = PBXBuildFile; fileRef = 1D973ECD0F3BE83900437B6D /* AddressBook.framework */; };
		1DC323110F3B74FA0011E197 /* PluginManager.m in Sources */ = {isa = PBXBuildFile; fileRef = 1DC323040F3B74FA0011E197 /* PluginManager.m */; };
		1DC323520F3B752B0011E197 /* RubyCocoa.framework in Frameworks */ = {isa = PBXBuildFile; fileRef = 1DC323500F3B752B0011E197 /* RubyCocoa.framework */; };
		1DC3235D0F3B75370011E197 /* libruby.dylib in Frameworks */ = {isa = PBXBuildFile; fileRef = 1DC3235C0F3B75370011E197 /* libruby.dylib */; };
		1DC323D20F3B77D80011E197 /* ExamplePlugin.m in Sources */ = {isa = PBXBuildFile; fileRef = 1DC323D10F3B77D80011E197 /* ExamplePlugin.m */; };
		1DC323D30F3B77DB0011E197 /* ExamplePlugin.m in Sources */ = {isa = PBXBuildFile; fileRef = 1DC323D10F3B77D80011E197 /* ExamplePlugin.m */; };
		1DC323D50F3B77E90011E197 /* Cocoa.framework in Frameworks */ = {isa = PBXBuildFile; fileRef = 1058C7A1FEA54F0111CA2CBB /* Cocoa.framework */; };
		1DC323DC0F3B78C90011E197 /* ExampleObjCPlugin.bundle in Copy plugins */ = {isa = PBXBuildFile; fileRef = 1DC323C80F3B77990011E197 /* ExampleObjCPlugin.bundle */; };
		1DC323EC0F3B795E0011E197 /* ExampleController.m in Sources */ = {isa = PBXBuildFile; fileRef = 1DC323EB0F3B795E0011E197 /* ExampleController.m */; };
		1DC3242E0F3B87190011E197 /* Example.scpt in Copy plugins */ = {isa = PBXBuildFile; fileRef = 1DC3242B0F3B870C0011E197 /* Example.scpt */; };
		1DC324320F3B89D30011E197 /* ExampleApplication.sdef in Resources */ = {isa = PBXBuildFile; fileRef = 1DC324310F3B89D30011E197 /* ExampleApplication.sdef */; };
		1DD73B2E0F3CA0DE00552B38 /* Example.rb in Copy plugins */ = {isa = PBXBuildFile; fileRef = 1DD73B270F3CA06500552B38 /* Example.rb */; };
		1DD73BBF0F3CD14200552B38 /* PythonPluginManager.m in Sources */ = {isa = PBXBuildFile; fileRef = 1DC323080F3B74FA0011E197 /* PythonPluginManager.m */; };
		1DD73BC20F3CD19700552B38 /* Python.framework in Frameworks */ = {isa = PBXBuildFile; fileRef = 1DC3234F0F3B752B0011E197 /* Python.framework */; };
		1DD73BF90F3CD78100552B38 /* FScript.framework in Frameworks */ = {isa = PBXBuildFile; fileRef = 1DC323150F3B751A0011E197 /* FScript.framework */; };
		1DD73BFA0F3CD78300552B38 /* JSCocoa.framework in Frameworks */ = {isa = PBXBuildFile; fileRef = 1DC323160F3B751A0011E197 /* JSCocoa.framework */; };
		1DD73BFB0F3CD78300552B38 /* LuaCore.framework in Frameworks */ = {isa = PBXBuildFile; fileRef = 1DC323650F3B75C70011E197 /* LuaCore.framework */; };
		1DD73BFC0F3CD78400552B38 /* Nu.framework in Frameworks */ = {isa = PBXBuildFile; fileRef = 1DC323140F3B751A0011E197 /* Nu.framework */; };
		1DD73C010F3CD7E200552B38 /* LuaPluginManager.m in Sources */ = {isa = PBXBuildFile; fileRef = 1DC322FE0F3B74FA0011E197 /* LuaPluginManager.m */; };
		1DD73C020F3CD7E400552B38 /* JavascriptPluginManager.m in Sources */ = {isa = PBXBuildFile; fileRef = 1DC322FC0F3B74FA0011E197 /* JavascriptPluginManager.m */; };
		1DD73C030F3CD7E600552B38 /* NuPluginManager.m in Sources */ = {isa = PBXBuildFile; fileRef = 1DC323000F3B74FA0011E197 /* NuPluginManager.m */; };
		1DD73C040F3CD7E700552B38 /* ObjCPluginManager.m in Sources */ = {isa = PBXBuildFile; fileRef = 1DC323020F3B74FA0011E197 /* ObjCPluginManager.m */; };
		1DD73C060F3CD7F200552B38 /* Example.js in Sources */ = {isa = PBXBuildFile; fileRef = 1DD73C050F3CD7F200552B38 /* Example.js */; };
		1DD73C0F0F3CD85600552B38 /* Example.lua in Copy plugins */ = {isa = PBXBuildFile; fileRef = 1DD73BFF0F3CD7D000552B38 /* Example.lua */; };
		1DD73C100F3CD85600552B38 /* Example.js in Copy plugins */ = {isa = PBXBuildFile; fileRef = 1DD73C050F3CD7F200552B38 /* Example.js */; };
		1DD73C110F3CD85600552B38 /* Example.fscript in Copy plugins */ = {isa = PBXBuildFile; fileRef = 1DD73C090F3CD82400552B38 /* Example.fscript */; };
		1DD73C120F3CD85600552B38 /* Example.nu in Copy plugins */ = {isa = PBXBuildFile; fileRef = 1DD73C0B0F3CD83E00552B38 /* Example.nu */; };
		1DD73C2B0F3CD9A300552B38 /* FScriptPlugInManager.m in Sources */ = {isa = PBXBuildFile; fileRef = 1DC322FA0F3B74FA0011E197 /* FScriptPlugInManager.m */; };
		1DD73C2C0F3CD9A700552B38 /* NSApplescript+FCSAdditions.m in Sources */ = {isa = PBXBuildFile; fileRef = 1DC323600F3B75910011E197 /* NSApplescript+FCSAdditions.m */; };
		1DD73C300F3CD9C800552B38 /* Carbon.framework in Frameworks */ = {isa = PBXBuildFile; fileRef = 1DC323BD0F3B76C40011E197 /* Carbon.framework */; };
		1DD73C5A0F3CF93500552B38 /* Example.py in Copy plugins */ = {isa = PBXBuildFile; fileRef = 1D973F310F3BF36000437B6D /* Example.py */; };
		8D11072A0486CEB800E47090 /* MainMenu.nib in Resources */ = {isa = PBXBuildFile; fileRef = 29B97318FDCFA39411CA2CEA /* MainMenu.nib */; };
		8D11072B0486CEB800E47090 /* InfoPlist.strings in Resources */ = {isa = PBXBuildFile; fileRef = 089C165CFE840E0CC02AAC07 /* InfoPlist.strings */; };
		8D11072D0486CEB800E47090 /* main.m in Sources */ = {isa = PBXBuildFile; fileRef = 29B97316FDCFA39411CA2CEA /* main.m */; settings = {ATTRIBUTES = (); }; };
		8D11072F0486CEB800E47090 /* Cocoa.framework in Frameworks */ = {isa = PBXBuildFile; fileRef = 1058C7A1FEA54F0111CA2CBB /* Cocoa.framework */; };
/* End PBXBuildFile section */

/* Begin PBXContainerItemProxy section */
		1DC323D80F3B78950011E197 /* PBXContainerItemProxy */ = {
			isa = PBXContainerItemProxy;
			containerPortal = 29B97313FDCFA39411CA2CEA /* Project object */;
			proxyType = 1;
			remoteGlobalIDString = 1DC323C70F3B77990011E197;
			remoteInfo = ExampleObjCPlugin;
		};
/* End PBXContainerItemProxy section */

/* Begin PBXCopyFilesBuildPhase section */
		1DC323DE0F3B78CE0011E197 /* Copy plugins */ = {
			isa = PBXCopyFilesBuildPhase;
			buildActionMask = 2147483647;
			dstPath = "";
			dstSubfolderSpec = 13;
			files = (
				1DD73C5A0F3CF93500552B38 /* Example.py in Copy plugins */,
				1DD73B2E0F3CA0DE00552B38 /* Example.rb in Copy plugins */,
				1DD73C0F0F3CD85600552B38 /* Example.lua in Copy plugins */,
				1DD73C100F3CD85600552B38 /* Example.js in Copy plugins */,
				1DD73C110F3CD85600552B38 /* Example.fscript in Copy plugins */,
				1DD73C120F3CD85600552B38 /* Example.nu in Copy plugins */,
				1DC3242E0F3B87190011E197 /* Example.scpt in Copy plugins */,
				1DC323DC0F3B78C90011E197 /* ExampleObjCPlugin.bundle in Copy plugins */,
			);
			name = "Copy plugins";
			runOnlyForDeploymentPostprocessing = 0;
		};
/* End PBXCopyFilesBuildPhase section */

/* Begin PBXFileReference section */
		089C165DFE840E0CC02AAC07 /* English */ = {isa = PBXFileReference; fileEncoding = 10; lastKnownFileType = text.plist.strings; name = English; path = English.lproj/InfoPlist.strings; sourceTree = "<group>"; };
		1058C7A1FEA54F0111CA2CBB /* Cocoa.framework */ = {isa = PBXFileReference; lastKnownFileType = wrapper.framework; name = Cocoa.framework; path = /System/Library/Frameworks/Cocoa.framework; sourceTree = "<absolute>"; };
		13E42FB307B3F0F600E4EEF1 /* CoreData.framework */ = {isa = PBXFileReference; lastKnownFileType = wrapper.framework; name = CoreData.framework; path = /System/Library/Frameworks/CoreData.framework; sourceTree = "<absolute>"; };
		1D973ECD0F3BE83900437B6D /* AddressBook.framework */ = {isa = PBXFileReference; lastKnownFileType = wrapper.framework; name = AddressBook.framework; path = /System/Library/Frameworks/AddressBook.framework; sourceTree = "<absolute>"; };
		1D973F310F3BF36000437B6D /* Example.py */ = {isa = PBXFileReference; fileEncoding = 4; lastKnownFileType = text.script.python; path = Example.py; sourceTree = "<group>"; };
		1DC322F70F3B74FA0011E197 /* ApplescriptPluginManager.h */ = {isa = PBXFileReference; fileEncoding = 4; lastKnownFileType = sourcecode.c.h; path = ApplescriptPluginManager.h; sourceTree = "<group>"; };
		1DC322F80F3B74FA0011E197 /* ApplescriptPluginManager.m */ = {isa = PBXFileReference; fileEncoding = 4; lastKnownFileType = sourcecode.c.objc; path = ApplescriptPluginManager.m; sourceTree = "<group>"; };
		1DC322F90F3B74FA0011E197 /* FScriptPlugInManager.h */ = {isa = PBXFileReference; fileEncoding = 4; lastKnownFileType = sourcecode.c.h; path = FScriptPlugInManager.h; sourceTree = "<group>"; };
		1DC322FA0F3B74FA0011E197 /* FScriptPlugInManager.m */ = {isa = PBXFileReference; fileEncoding = 4; lastKnownFileType = sourcecode.c.objc; path = FScriptPlugInManager.m; sourceTree = "<group>"; };
		1DC322FB0F3B74FA0011E197 /* JavascriptPluginManager.h */ = {isa = PBXFileReference; fileEncoding = 4; lastKnownFileType = sourcecode.c.h; path = JavascriptPluginManager.h; sourceTree = "<group>"; };
		1DC322FC0F3B74FA0011E197 /* JavascriptPluginManager.m */ = {isa = PBXFileReference; fileEncoding = 4; lastKnownFileType = sourcecode.c.objc; path = JavascriptPluginManager.m; sourceTree = "<group>"; };
		1DC322FD0F3B74FA0011E197 /* LuaPluginManager.h */ = {isa = PBXFileReference; fileEncoding = 4; lastKnownFileType = sourcecode.c.h; path = LuaPluginManager.h; sourceTree = "<group>"; };
		1DC322FE0F3B74FA0011E197 /* LuaPluginManager.m */ = {isa = PBXFileReference; fileEncoding = 4; lastKnownFileType = sourcecode.c.objc; path = LuaPluginManager.m; sourceTree = "<group>"; };
		1DC322FF0F3B74FA0011E197 /* NuPluginManager.h */ = {isa = PBXFileReference; fileEncoding = 4; lastKnownFileType = sourcecode.c.h; path = NuPluginManager.h; sourceTree = "<group>"; };
		1DC323000F3B74FA0011E197 /* NuPluginManager.m */ = {isa = PBXFileReference; fileEncoding = 4; lastKnownFileType = sourcecode.c.objc; path = NuPluginManager.m; sourceTree = "<group>"; };
		1DC323010F3B74FA0011E197 /* ObjCPluginManager.h */ = {isa = PBXFileReference; fileEncoding = 4; lastKnownFileType = sourcecode.c.h; path = ObjCPluginManager.h; sourceTree = "<group>"; };
		1DC323020F3B74FA0011E197 /* ObjCPluginManager.m */ = {isa = PBXFileReference; fileEncoding = 4; lastKnownFileType = sourcecode.c.objc; path = ObjCPluginManager.m; sourceTree = "<group>"; };
		1DC323030F3B74FA0011E197 /* PluginManager.h */ = {isa = PBXFileReference; fileEncoding = 4; lastKnownFileType = sourcecode.c.h; path = PluginManager.h; sourceTree = "<group>"; };
		1DC323040F3B74FA0011E197 /* PluginManager.m */ = {isa = PBXFileReference; fileEncoding = 4; lastKnownFileType = sourcecode.c.objc; path = PluginManager.m; sourceTree = "<group>"; };
		1DC323050F3B74FA0011E197 /* PluginManagerApplescriptIncludes.h */ = {isa = PBXFileReference; fileEncoding = 4; lastKnownFileType = sourcecode.c.h; path = PluginManagerApplescriptIncludes.h; sourceTree = "<group>"; };
		1DC323060F3B74FA0011E197 /* PluginManagerProtocol.h */ = {isa = PBXFileReference; fileEncoding = 4; lastKnownFileType = sourcecode.c.h; path = PluginManagerProtocol.h; sourceTree = "<group>"; };
		1DC323070F3B74FA0011E197 /* PythonPluginManager.h */ = {isa = PBXFileReference; fileEncoding = 4; lastKnownFileType = sourcecode.c.h; path = PythonPluginManager.h; sourceTree = "<group>"; };
		1DC323080F3B74FA0011E197 /* PythonPluginManager.m */ = {isa = PBXFileReference; fileEncoding = 4; lastKnownFileType = sourcecode.c.objc; path = PythonPluginManager.m; sourceTree = "<group>"; };
		1DC323090F3B74FA0011E197 /* RubyPluginManager.h */ = {isa = PBXFileReference; fileEncoding = 4; lastKnownFileType = sourcecode.c.h; path = RubyPluginManager.h; sourceTree = "<group>"; };
		1DC3230A0F3B74FA0011E197 /* RubyPluginManager.m */ = {isa = PBXFileReference; fileEncoding = 4; lastKnownFileType = sourcecode.c.objc; path = RubyPluginManager.m; sourceTree = "<group>"; };
		1DC323140F3B751A0011E197 /* Nu.framework */ = {isa = PBXFileReference; lastKnownFileType = wrapper.framework; name = Nu.framework; path = /Library/Frameworks/Nu.framework; sourceTree = "<absolute>"; };
		1DC323150F3B751A0011E197 /* FScript.framework */ = {isa = PBXFileReference; lastKnownFileType = wrapper.framework; name = FScript.framework; path = /Library/Frameworks/FScript.framework; sourceTree = "<absolute>"; };
		1DC323160F3B751A0011E197 /* JSCocoa.framework */ = {isa = PBXFileReference; lastKnownFileType = wrapper.framework; name = JSCocoa.framework; path = /Library/Frameworks/JSCocoa.framework; sourceTree = "<absolute>"; };
		1DC3234F0F3B752B0011E197 /* Python.framework */ = {isa = PBXFileReference; lastKnownFileType = wrapper.framework; name = Python.framework; path = /System/Library/Frameworks/Python.framework; sourceTree = "<absolute>"; };
		1DC323500F3B752B0011E197 /* RubyCocoa.framework */ = {isa = PBXFileReference; lastKnownFileType = wrapper.framework; name = RubyCocoa.framework; path = /System/Library/Frameworks/RubyCocoa.framework; sourceTree = "<absolute>"; };
		1DC3235C0F3B75370011E197 /* libruby.dylib */ = {isa = PBXFileReference; lastKnownFileType = "compiled.mach-o.dylib"; name = libruby.dylib; path = /System/Library/Frameworks/Ruby.framework/Versions/1.8/usr/lib/libruby.dylib; sourceTree = "<absolute>"; };
		1DC3235F0F3B75910011E197 /* NSApplescript+FCSAdditions.h */ = {isa = PBXFileReference; fileEncoding = 4; lastKnownFileType = sourcecode.c.h; path = "NSApplescript+FCSAdditions.h"; sourceTree = "<group>"; };
		1DC323600F3B75910011E197 /* NSApplescript+FCSAdditions.m */ = {isa = PBXFileReference; fileEncoding = 4; lastKnownFileType = sourcecode.c.objc; path = "NSApplescript+FCSAdditions.m"; sourceTree = "<group>"; };
		1DC323650F3B75C70011E197 /* LuaCore.framework */ = {isa = PBXFileReference; lastKnownFileType = wrapper.framework; name = LuaCore.framework; path = "../../../Programming examples/luacore/build/Release/LuaCore.framework"; sourceTree = SOURCE_ROOT; };
		1DC323BD0F3B76C40011E197 /* Carbon.framework */ = {isa = PBXFileReference; lastKnownFileType = wrapper.framework; name = Carbon.framework; path = /System/Library/Frameworks/Carbon.framework; sourceTree = "<absolute>"; };
		1DC323C80F3B77990011E197 /* ExampleObjCPlugin.bundle */ = {isa = PBXFileReference; explicitFileType = wrapper.cfbundle; includeInIndex = 0; path = ExampleObjCPlugin.bundle; sourceTree = BUILT_PRODUCTS_DIR; };
		1DC323C90F3B77990011E197 /* ExampleObjCPlugin-Info.plist */ = {isa = PBXFileReference; lastKnownFileType = text.plist.xml; path = "ExampleObjCPlugin-Info.plist"; sourceTree = "<group>"; };
		1DC323D00F3B77D80011E197 /* ExamplePlugin.h */ = {isa = PBXFileReference; fileEncoding = 4; lastKnownFileType = sourcecode.c.h; path = ExamplePlugin.h; sourceTree = "<group>"; };
		1DC323D10F3B77D80011E197 /* ExamplePlugin.m */ = {isa = PBXFileReference; fileEncoding = 4; lastKnownFileType = sourcecode.c.objc; path = ExamplePlugin.m; sourceTree = "<group>"; };
		1DC323EA0F3B795E0011E197 /* ExampleController.h */ = {isa = PBXFileReference; fileEncoding = 4; lastKnownFileType = sourcecode.c.h; path = ExampleController.h; sourceTree = "<group>"; };
		1DC323EB0F3B795E0011E197 /* ExampleController.m */ = {isa = PBXFileReference; fileEncoding = 4; lastKnownFileType = sourcecode.c.objc; path = ExampleController.m; sourceTree = "<group>"; };
		1DC3242B0F3B870C0011E197 /* Example.scpt */ = {isa = PBXFileReference; fileEncoding = 4; lastKnownFileType = sourcecode.scpt; path = Example.scpt; sourceTree = "<group>"; };
		1DC324310F3B89D30011E197 /* ExampleApplication.sdef */ = {isa = PBXFileReference; fileEncoding = 4; lastKnownFileType = text.sdef; path = ExampleApplication.sdef; sourceTree = "<group>"; };
		1DD73B270F3CA06500552B38 /* Example.rb */ = {isa = PBXFileReference; fileEncoding = 4; lastKnownFileType = text.script.ruby; path = Example.rb; sourceTree = "<group>"; };
		1DD73BFF0F3CD7D000552B38 /* Example.lua */ = {isa = PBXFileReference; fileEncoding = 4; lastKnownFileType = text; path = Example.lua; sourceTree = "<group>"; };
		1DD73C050F3CD7F200552B38 /* Example.js */ = {isa = PBXFileReference; fileEncoding = 4; lastKnownFileType = sourcecode.javascript; path = Example.js; sourceTree = "<group>"; };
		1DD73C090F3CD82400552B38 /* Example.fscript */ = {isa = PBXFileReference; fileEncoding = 4; lastKnownFileType = text; path = Example.fscript; sourceTree = "<group>"; };
		1DD73C0B0F3CD83E00552B38 /* Example.nu */ = {isa = PBXFileReference; fileEncoding = 4; lastKnownFileType = text; path = Example.nu; sourceTree = "<group>"; };
		29B97316FDCFA39411CA2CEA /* main.m */ = {isa = PBXFileReference; fileEncoding = 4; lastKnownFileType = sourcecode.c.objc; path = main.m; sourceTree = "<group>"; };
		29B97319FDCFA39411CA2CEA /* English */ = {isa = PBXFileReference; lastKnownFileType = wrapper.nib; name = English; path = English.lproj/MainMenu.nib; sourceTree = "<group>"; };
		29B97324FDCFA39411CA2CEA /* AppKit.framework */ = {isa = PBXFileReference; lastKnownFileType = wrapper.framework; name = AppKit.framework; path = /System/Library/Frameworks/AppKit.framework; sourceTree = "<absolute>"; };
		29B97325FDCFA39411CA2CEA /* Foundation.framework */ = {isa = PBXFileReference; lastKnownFileType = wrapper.framework; name = Foundation.framework; path = /System/Library/Frameworks/Foundation.framework; sourceTree = "<absolute>"; };
		32CA4F630368D1EE00C91783 /* ExampleApplication_Prefix.pch */ = {isa = PBXFileReference; fileEncoding = 4; lastKnownFileType = sourcecode.c.h; path = ExampleApplication_Prefix.pch; sourceTree = "<group>"; };
		8D1107310486CEB800E47090 /* Info.plist */ = {isa = PBXFileReference; fileEncoding = 4; lastKnownFileType = text.plist.xml; path = Info.plist; sourceTree = "<group>"; };
		8D1107320486CEB800E47090 /* ExampleApplication.app */ = {isa = PBXFileReference; explicitFileType = wrapper.application; includeInIndex = 0; path = ExampleApplication.app; sourceTree = BUILT_PRODUCTS_DIR; };
/* End PBXFileReference section */

/* Begin PBXFrameworksBuildPhase section */
		1DC323C60F3B77990011E197 /* Frameworks */ = {
			isa = PBXFrameworksBuildPhase;
			buildActionMask = 2147483647;
			files = (
				1DC323D50F3B77E90011E197 /* Cocoa.framework in Frameworks */,
			);
			runOnlyForDeploymentPostprocessing = 0;
		};
		8D11072E0486CEB800E47090 /* Frameworks */ = {
			isa = PBXFrameworksBuildPhase;
			buildActionMask = 2147483647;
			files = (
				8D11072F0486CEB800E47090 /* Cocoa.framework in Frameworks */,
				1DC323520F3B752B0011E197 /* RubyCocoa.framework in Frameworks */,
				1DC3235D0F3B75370011E197 /* libruby.dylib in Frameworks */,
				1D973ECE0F3BE83900437B6D /* AddressBook.framework in Frameworks */,
				1DD73BC20F3CD19700552B38 /* Python.framework in Frameworks */,
				1DD73BF90F3CD78100552B38 /* FScript.framework in Frameworks */,
				1DD73BFA0F3CD78300552B38 /* JSCocoa.framework in Frameworks */,
				1DD73BFB0F3CD78300552B38 /* LuaCore.framework in Frameworks */,
				1DD73BFC0F3CD78400552B38 /* Nu.framework in Frameworks */,
				1DD73C300F3CD9C800552B38 /* Carbon.framework in Frameworks */,
			);
			runOnlyForDeploymentPostprocessing = 0;
		};
/* End PBXFrameworksBuildPhase section */

/* Begin PBXGroup section */
		080E96DDFE201D6D7F000001 /* Classes */ = {
			isa = PBXGroup;
			children = (
				1DC323EA0F3B795E0011E197 /* ExampleController.h */,
				1DC323EB0F3B795E0011E197 /* ExampleController.m */,
			);
			name = Classes;
			sourceTree = "<group>";
		};
		1058C7A0FEA54F0111CA2CBB /* Linked Frameworks */ = {
			isa = PBXGroup;
			children = (
				1058C7A1FEA54F0111CA2CBB /* Cocoa.framework */,
			);
			name = "Linked Frameworks";
			sourceTree = "<group>";
		};
		1058C7A2FEA54F0111CA2CBB /* Other Frameworks */ = {
			isa = PBXGroup;
			children = (
				29B97324FDCFA39411CA2CEA /* AppKit.framework */,
				13E42FB307B3F0F600E4EEF1 /* CoreData.framework */,
				29B97325FDCFA39411CA2CEA /* Foundation.framework */,
			);
			name = "Other Frameworks";
			sourceTree = "<group>";
		};
		19C28FACFE9D520D11CA2CBB /* Products */ = {
			isa = PBXGroup;
			children = (
				8D1107320486CEB800E47090 /* ExampleApplication.app */,
				1DC323C80F3B77990011E197 /* ExampleObjCPlugin.bundle */,
			);
			name = Products;
			sourceTree = "<group>";
		};
		1DC322F60F3B74FA0011E197 /* PluginManager */ = {
			isa = PBXGroup;
			children = (
				1DC3235F0F3B75910011E197 /* NSApplescript+FCSAdditions.h */,
				1DC323600F3B75910011E197 /* NSApplescript+FCSAdditions.m */,
				1DC322F70F3B74FA0011E197 /* ApplescriptPluginManager.h */,
				1DC322F80F3B74FA0011E197 /* ApplescriptPluginManager.m */,
				1DC322F90F3B74FA0011E197 /* FScriptPlugInManager.h */,
				1DC322FA0F3B74FA0011E197 /* FScriptPlugInManager.m */,
				1DC322FB0F3B74FA0011E197 /* JavascriptPluginManager.h */,
				1DC322FC0F3B74FA0011E197 /* JavascriptPluginManager.m */,
				1DC322FD0F3B74FA0011E197 /* LuaPluginManager.h */,
				1DC322FE0F3B74FA0011E197 /* LuaPluginManager.m */,
				1DC322FF0F3B74FA0011E197 /* NuPluginManager.h */,
				1DC323000F3B74FA0011E197 /* NuPluginManager.m */,
				1DC323010F3B74FA0011E197 /* ObjCPluginManager.h */,
				1DC323020F3B74FA0011E197 /* ObjCPluginManager.m */,
				1DC323030F3B74FA0011E197 /* PluginManager.h */,
				1DC323040F3B74FA0011E197 /* PluginManager.m */,
				1DC323050F3B74FA0011E197 /* PluginManagerApplescriptIncludes.h */,
				1DC323060F3B74FA0011E197 /* PluginManagerProtocol.h */,
				1DC323070F3B74FA0011E197 /* PythonPluginManager.h */,
				1DC323080F3B74FA0011E197 /* PythonPluginManager.m */,
				1DC323090F3B74FA0011E197 /* RubyPluginManager.h */,
				1DC3230A0F3B74FA0011E197 /* RubyPluginManager.m */,
			);
			name = PluginManager;
			path = ../src;
			sourceTree = SOURCE_ROOT;
		};
		1DC323CE0F3B77B40011E197 /* ExampleApplication */ = {
			isa = PBXGroup;
			children = (
				1DC3242A0F3B86790011E197 /* PlugIns */,
				1DC322F60F3B74FA0011E197 /* PluginManager */,
				080E96DDFE201D6D7F000001 /* Classes */,
				29B97315FDCFA39411CA2CEA /* Other Sources */,
				29B97317FDCFA39411CA2CEA /* Resources */,
			);
			name = ExampleApplication;
			sourceTree = "<group>";
		};
		1DC323CF0F3B77BE0011E197 /* ExampleObjCPlugin */ = {
			isa = PBXGroup;
			children = (
				1DC323C90F3B77990011E197 /* ExampleObjCPlugin-Info.plist */,
				1DC323D00F3B77D80011E197 /* ExamplePlugin.h */,
				1DC323D10F3B77D80011E197 /* ExamplePlugin.m */,
			);
			name = ExampleObjCPlugin;
			sourceTree = "<group>";
		};
		1DC3242A0F3B86790011E197 /* PlugIns */ = {
			isa = PBXGroup;
			children = (
				1DC3242B0F3B870C0011E197 /* Example.scpt */,
				1D973F310F3BF36000437B6D /* Example.py */,
				1DD73B270F3CA06500552B38 /* Example.rb */,
				1DD73BFF0F3CD7D000552B38 /* Example.lua */,
				1DD73C050F3CD7F200552B38 /* Example.js */,
				1DD73C090F3CD82400552B38 /* Example.fscript */,
				1DD73C0B0F3CD83E00552B38 /* Example.nu */,
			);
			name = PlugIns;
			sourceTree = "<group>";
		};
		29B97314FDCFA39411CA2CEA /* ExampleApplication */ = {
			isa = PBXGroup;
			children = (
				1DC323CE0F3B77B40011E197 /* ExampleApplication */,
				1DC323CF0F3B77BE0011E197 /* ExampleObjCPlugin */,
				29B97323FDCFA39411CA2CEA /* Frameworks */,
				19C28FACFE9D520D11CA2CBB /* Products */,
			);
			name = ExampleApplication;
			sourceTree = "<group>";
		};
		29B97315FDCFA39411CA2CEA /* Other Sources */ = {
			isa = PBXGroup;
			children = (
				32CA4F630368D1EE00C91783 /* ExampleApplication_Prefix.pch */,
				29B97316FDCFA39411CA2CEA /* main.m */,
			);
			name = "Other Sources";
			sourceTree = "<group>";
		};
		29B97317FDCFA39411CA2CEA /* Resources */ = {
			isa = PBXGroup;
			children = (
				1DC324310F3B89D30011E197 /* ExampleApplication.sdef */,
				8D1107310486CEB800E47090 /* Info.plist */,
				089C165CFE840E0CC02AAC07 /* InfoPlist.strings */,
				29B97318FDCFA39411CA2CEA /* MainMenu.nib */,
			);
			name = Resources;
			sourceTree = "<group>";
		};
		29B97323FDCFA39411CA2CEA /* Frameworks */ = {
			isa = PBXGroup;
			children = (
				1D973ECD0F3BE83900437B6D /* AddressBook.framework */,
				1DC323BD0F3B76C40011E197 /* Carbon.framework */,
				1DC3235C0F3B75370011E197 /* libruby.dylib */,
				1DC323650F3B75C70011E197 /* LuaCore.framework */,
				1DC3234F0F3B752B0011E197 /* Python.framework */,
				1DC323500F3B752B0011E197 /* RubyCocoa.framework */,
				1DC323140F3B751A0011E197 /* Nu.framework */,
				1DC323150F3B751A0011E197 /* FScript.framework */,
				1DC323160F3B751A0011E197 /* JSCocoa.framework */,
				1058C7A0FEA54F0111CA2CBB /* Linked Frameworks */,
				1058C7A2FEA54F0111CA2CBB /* Other Frameworks */,
			);
			name = Frameworks;
			sourceTree = "<group>";
		};
/* End PBXGroup section */

/* Begin PBXNativeTarget section */
		1DC323C70F3B77990011E197 /* ExampleObjCPlugin */ = {
			isa = PBXNativeTarget;
			buildConfigurationList = 1DC323CD0F3B779C0011E197 /* Build configuration list for PBXNativeTarget "ExampleObjCPlugin" */;
			buildPhases = (
				1DC323C40F3B77990011E197 /* Resources */,
				1DC323C50F3B77990011E197 /* Sources */,
				1DC323C60F3B77990011E197 /* Frameworks */,
			);
			buildRules = (
			);
			dependencies = (
			);
			name = ExampleObjCPlugin;
			productName = ExampleObjCPlugin;
			productReference = 1DC323C80F3B77990011E197 /* ExampleObjCPlugin.bundle */;
			productType = "com.apple.product-type.bundle";
		};
		8D1107260486CEB800E47090 /* ExampleApplication */ = {
			isa = PBXNativeTarget;
			buildConfigurationList = C01FCF4A08A954540054247B /* Build configuration list for PBXNativeTarget "ExampleApplication" */;
			buildPhases = (
				8D1107290486CEB800E47090 /* Resources */,
				8D11072C0486CEB800E47090 /* Sources */,
				8D11072E0486CEB800E47090 /* Frameworks */,
				1DC323DE0F3B78CE0011E197 /* Copy plugins */,
			);
			buildRules = (
			);
			dependencies = (
				1DC323D90F3B78950011E197 /* PBXTargetDependency */,
			);
			name = ExampleApplication;
			productInstallPath = "$(HOME)/Applications";
			productName = ExampleApplication;
			productReference = 8D1107320486CEB800E47090 /* ExampleApplication.app */;
			productType = "com.apple.product-type.application";
		};
/* End PBXNativeTarget section */

/* Begin PBXProject section */
		29B97313FDCFA39411CA2CEA /* Project object */ = {
			isa = PBXProject;
			buildConfigurationList = C01FCF4E08A954540054247B /* Build configuration list for PBXProject "ExampleApplication" */;
			compatibilityVersion = "Xcode 3.1";
			hasScannedForEncodings = 1;
			mainGroup = 29B97314FDCFA39411CA2CEA /* ExampleApplication */;
			projectDirPath = "";
			projectRoot = "";
			targets = (
				8D1107260486CEB800E47090 /* ExampleApplication */,
				1DC323C70F3B77990011E197 /* ExampleObjCPlugin */,
			);
		};
/* End PBXProject section */

/* Begin PBXResourcesBuildPhase section */
		1DC323C40F3B77990011E197 /* Resources */ = {
			isa = PBXResourcesBuildPhase;
			buildActionMask = 2147483647;
			files = (
			);
			runOnlyForDeploymentPostprocessing = 0;
		};
		8D1107290486CEB800E47090 /* Resources */ = {
			isa = PBXResourcesBuildPhase;
			buildActionMask = 2147483647;
			files = (
				8D11072A0486CEB800E47090 /* MainMenu.nib in Resources */,
				8D11072B0486CEB800E47090 /* InfoPlist.strings in Resources */,
				1DC324320F3B89D30011E197 /* ExampleApplication.sdef in Resources */,
			);
			runOnlyForDeploymentPostprocessing = 0;
		};
/* End PBXResourcesBuildPhase section */

/* Begin PBXSourcesBuildPhase section */
		1DC323C50F3B77990011E197 /* Sources */ = {
			isa = PBXSourcesBuildPhase;
			buildActionMask = 2147483647;
			files = (
				1DC323D20F3B77D80011E197 /* ExamplePlugin.m in Sources */,
			);
			runOnlyForDeploymentPostprocessing = 0;
		};
		8D11072C0486CEB800E47090 /* Sources */ = {
			isa = PBXSourcesBuildPhase;
			buildActionMask = 2147483647;
			files = (
				8D11072D0486CEB800E47090 /* main.m in Sources */,
				1DC323110F3B74FA0011E197 /* PluginManager.m in Sources */,
				1DC323D30F3B77DB0011E197 /* ExamplePlugin.m in Sources */,
				1DC323EC0F3B795E0011E197 /* ExampleController.m in Sources */,
				1DD73BBF0F3CD14200552B38 /* PythonPluginManager.m in Sources */,
				1DD73C010F3CD7E200552B38 /* LuaPluginManager.m in Sources */,
				1DD73C020F3CD7E400552B38 /* JavascriptPluginManager.m in Sources */,
				1DD73C030F3CD7E600552B38 /* NuPluginManager.m in Sources */,
				1DD73C040F3CD7E700552B38 /* ObjCPluginManager.m in Sources */,
				1DD73C060F3CD7F200552B38 /* Example.js in Sources */,
				1DD73C2B0F3CD9A300552B38 /* FScriptPlugInManager.m in Sources */,
				1DD73C2C0F3CD9A700552B38 /* NSApplescript+FCSAdditions.m in Sources */,
			);
			runOnlyForDeploymentPostprocessing = 0;
		};
/* End PBXSourcesBuildPhase section */

/* Begin PBXTargetDependency section */
		1DC323D90F3B78950011E197 /* PBXTargetDependency */ = {
			isa = PBXTargetDependency;
			target = 1DC323C70F3B77990011E197 /* ExampleObjCPlugin */;
			targetProxy = 1DC323D80F3B78950011E197 /* PBXContainerItemProxy */;
		};
/* End PBXTargetDependency section */

/* Begin PBXVariantGroup section */
		089C165CFE840E0CC02AAC07 /* InfoPlist.strings */ = {
			isa = PBXVariantGroup;
			children = (
				089C165DFE840E0CC02AAC07 /* English */,
			);
			name = InfoPlist.strings;
			sourceTree = "<group>";
		};
		29B97318FDCFA39411CA2CEA /* MainMenu.nib */ = {
			isa = PBXVariantGroup;
			children = (
				29B97319FDCFA39411CA2CEA /* English */,
			);
			name = MainMenu.nib;
			sourceTree = "<group>";
		};
/* End PBXVariantGroup section */

/* Begin XCBuildConfiguration section */
		1DC323CB0F3B779C0011E197 /* Debug */ = {
			isa = XCBuildConfiguration;
			buildSettings = {
				ALWAYS_SEARCH_USER_PATHS = NO;
				ARCHS = "$(ARCHS_STANDARD_32_BIT)";
				COPY_PHASE_STRIP = NO;
				GCC_DYNAMIC_NO_PIC = NO;
				GCC_ENABLE_FIX_AND_CONTINUE = YES;
				GCC_MODEL_TUNING = G5;
				GCC_OPTIMIZATION_LEVEL = 0;
				GCC_PRECOMPILE_PREFIX_HEADER = YES;
				GCC_PREFIX_HEADER = "$(SYSTEM_LIBRARY_DIR)/Frameworks/AppKit.framework/Headers/AppKit.h";
				INFOPLIST_FILE = "ExampleObjCPlugin-Info.plist";
				INSTALL_PATH = "$(HOME)/Library/Bundles";
				OTHER_LDFLAGS = (
					"-framework",
					Foundation,
					"-framework",
					AppKit,
				);
				PREBINDING = NO;
				PRODUCT_NAME = ExampleObjCPlugin;
				WRAPPER_EXTENSION = bundle;
			};
			name = Debug;
		};
		1DC323CC0F3B779C0011E197 /* Release */ = {
			isa = XCBuildConfiguration;
			buildSettings = {
				ALWAYS_SEARCH_USER_PATHS = NO;
				ARCHS = "$(ARCHS_STANDARD_32_BIT)";
				COPY_PHASE_STRIP = YES;
				DEBUG_INFORMATION_FORMAT = "dwarf-with-dsym";
				GCC_ENABLE_FIX_AND_CONTINUE = NO;
				GCC_MODEL_TUNING = G5;
				GCC_PRECOMPILE_PREFIX_HEADER = YES;
				GCC_PREFIX_HEADER = "$(SYSTEM_LIBRARY_DIR)/Frameworks/AppKit.framework/Headers/AppKit.h";
				INFOPLIST_FILE = "ExampleObjCPlugin-Info.plist";
				INSTALL_PATH = "$(HOME)/Library/Bundles";
				OTHER_LDFLAGS = (
					"-framework",
					Foundation,
					"-framework",
					AppKit,
				);
				PREBINDING = NO;
				PRODUCT_NAME = ExampleObjCPlugin;
				WRAPPER_EXTENSION = bundle;
				ZERO_LINK = NO;
			};
			name = Release;
		};
		C01FCF4B08A954540054247B /* Debug */ = {
			isa = XCBuildConfiguration;
			buildSettings = {
				ALWAYS_SEARCH_USER_PATHS = NO;
				COPY_PHASE_STRIP = NO;
				FRAMEWORK_SEARCH_PATHS = (
					"$(inherited)",
					"\"$(SRCROOT)/../../../Programming examples/luacore/build/Release\"",
				);
				GCC_DYNAMIC_NO_PIC = NO;
				GCC_ENABLE_FIX_AND_CONTINUE = YES;
				GCC_MODEL_TUNING = G5;
				GCC_OPTIMIZATION_LEVEL = 0;
				GCC_PRECOMPILE_PREFIX_HEADER = YES;
				GCC_PREFIX_HEADER = ExampleApplication_Prefix.pch;
				INFOPLIST_FILE = Info.plist;
				INSTALL_PATH = "$(HOME)/Applications";
				LIBRARY_SEARCH_PATHS = (
					"$(inherited)",
					"\"$(SYSTEM_LIBRARY_DIR)/Frameworks/Ruby.framework/Versions/1.8/usr/lib\"",
				);
				PRODUCT_NAME = ExampleApplication;
			};
			name = Debug;
		};
		C01FCF4C08A954540054247B /* Release */ = {
			isa = XCBuildConfiguration;
			buildSettings = {
				ALWAYS_SEARCH_USER_PATHS = NO;
				DEBUG_INFORMATION_FORMAT = "dwarf-with-dsym";
				FRAMEWORK_SEARCH_PATHS = (
					"$(inherited)",
					"\"$(SRCROOT)/../../../Programming examples/luacore/build/Release\"",
				);
				GCC_MODEL_TUNING = G5;
				GCC_PRECOMPILE_PREFIX_HEADER = YES;
				GCC_PREFIX_HEADER = ExampleApplication_Prefix.pch;
				INFOPLIST_FILE = Info.plist;
				INSTALL_PATH = "$(HOME)/Applications";
				LIBRARY_SEARCH_PATHS = (
					"$(inherited)",
					"\"$(SYSTEM_LIBRARY_DIR)/Frameworks/Ruby.framework/Versions/1.8/usr/lib\"",
				);
				PRODUCT_NAME = ExampleApplication;
			};
			name = Release;
		};
		C01FCF4F08A954540054247B /* Debug */ = {
			isa = XCBuildConfiguration;
			buildSettings = {
				ALWAYS_SEARCH_USER_PATHS = NO;
				ARCHS = "$(ARCHS_STANDARD_32_BIT)";
				GCC_OPTIMIZATION_LEVEL = 0;
				GCC_WARN_ABOUT_RETURN_TYPE = YES;
				GCC_WARN_UNUSED_VARIABLE = YES;
				ONLY_ACTIVE_ARCH = YES;
				PREBINDING = NO;
				SDKROOT = macosx10.5;
			};
			name = Debug;
		};
		C01FCF5008A954540054247B /* Release */ = {
			isa = XCBuildConfiguration;
			buildSettings = {
				ALWAYS_SEARCH_USER_PATHS = NO;
				ARCHS = "$(ARCHS_STANDARD_32_BIT)";
				GCC_WARN_ABOUT_RETURN_TYPE = YES;
				GCC_WARN_UNUSED_VARIABLE = YES;
				PREBINDING = NO;
				SDKROOT = macosx10.5;
			};
			name = Release;
		};
/* End XCBuildConfiguration section */

/* Begin XCConfigurationList section */
		1DC323CD0F3B779C0011E197 /* Build configuration list for PBXNativeTarget "ExampleObjCPlugin" */ = {
			isa = XCConfigurationList;
			buildConfigurations = (
				1DC323CB0F3B779C0011E197 /* Debug */,
				1DC323CC0F3B779C0011E197 /* Release */,
			);
			defaultConfigurationIsVisible = 0;
			defaultConfigurationName = Release;
		};
		C01FCF4A08A954540054247B /* Build configuration list for PBXNativeTarget "ExampleApplication" */ = {
			isa = XCConfigurationList;
			buildConfigurations = (
				C01FCF4B08A954540054247B /* Debug */,
				C01FCF4C08A954540054247B /* Release */,
			);
			defaultConfigurationIsVisible = 0;
			defaultConfigurationName = Release;
		};
		C01FCF4E08A954540054247B /* Build configuration list for PBXProject "ExampleApplication" */ = {
			isa = XCConfigurationList;
			buildConfigurations = (
				C01FCF4F08A954540054247B /* Debug */,
				C01FCF5008A954540054247B /* Release */,
			);
			defaultConfigurationIsVisible = 0;
			defaultConfigurationName = Release;
		};
/* End XCConfigurationList section */
	};
	rootObject = 29B97313FDCFA39411CA2CEA /* Project object */;
}
